
Microsoft Visual Studio Solution File, Format Version 12.00
# Visual Studio Version 17
VisualStudioVersion = 17.11.35222.181
MinimumVisualStudioVersion = 10.0.40219.1
Project("{FAE04EC0-301F-11D3-BF4B-00C04F79EFBC}") = "LabaOOP10", "LabaOOP10.csproj", "{8651AFCB-C12B-4255-BD9D-6FD7A271DF5A}"
EndProject
Global
	GlobalSection(SolutionConfigurationPlatforms) = preSolution
		Debug|Any CPU = Debug|Any CPU
		Release|Any CPU = Release|Any CPU
	EndGlobalSection
	GlobalSection(ProjectConfigurationPlatforms) = postSolution
		{8651AFCB-C12B-4255-BD9D-6FD7A271DF5A}.Debug|Any CPU.ActiveCfg = Debug|Any CPU
		{8651AFCB-C12B-4255-BD9D-6FD7A271DF5A}.Debug|Any CPU.Build.0 = Debug|Any CPU
		{8651AFCB-C12B-4255-BD9D-6FD7A271DF5A}.Release|Any CPU.ActiveCfg = Release|Any CPU
		{8651AFCB-C12B-4255-BD9D-6FD7A271DF5A}.Release|Any CPU.Build.0 = Release|Any CPU
	EndGlobalSection
	GlobalSection(SolutionProperties) = preSolution
		HideSolutionNode = FALSE
	EndGlobalSection
	GlobalSection(ExtensibilityGlobals) = postSolution
		SolutionGuid = {664F5E35-BC54-4FA5-8E35-8B679B69F27D}
	EndGlobalSection
EndGlobal
